// !$*UTF8*$!
{
	archiveVersion = 1;
	classes = {
	};
	objectVersion = 55;
	objects = {

/* Begin PBXBuildFile section */
		A5DE32FB290462A8008844E1 /* Tests_iOS.swift in Sources */ = {isa = PBXBuildFile; fileRef = A5DE32FA290462A8008844E1 /* Tests_iOS.swift */; };
		A5DE32FD290462A8008844E1 /* Tests_iOSLaunchTests.swift in Sources */ = {isa = PBXBuildFile; fileRef = A5DE32FC290462A8008844E1 /* Tests_iOSLaunchTests.swift */; };
		A5DE3307290462A8008844E1 /* Tests_macOS.swift in Sources */ = {isa = PBXBuildFile; fileRef = A5DE3306290462A8008844E1 /* Tests_macOS.swift */; };
		A5DE3309290462A8008844E1 /* Tests_macOSLaunchTests.swift in Sources */ = {isa = PBXBuildFile; fileRef = A5DE3308290462A8008844E1 /* Tests_macOSLaunchTests.swift */; };
		A5DE330A290462A8008844E1 /* APIpracticeApp.swift in Sources */ = {isa = PBXBuildFile; fileRef = A5DE32E2290462A5008844E1 /* APIpracticeApp.swift */; };
		A5DE330B290462A8008844E1 /* APIpracticeApp.swift in Sources */ = {isa = PBXBuildFile; fileRef = A5DE32E2290462A5008844E1 /* APIpracticeApp.swift */; };
		A5DE330C290462A8008844E1 /* ContentView.swift in Sources */ = {isa = PBXBuildFile; fileRef = A5DE32E3290462A5008844E1 /* ContentView.swift */; };
		A5DE330D290462A8008844E1 /* ContentView.swift in Sources */ = {isa = PBXBuildFile; fileRef = A5DE32E3290462A5008844E1 /* ContentView.swift */; };
		A5DE330E290462A8008844E1 /* Assets.xcassets in Resources */ = {isa = PBXBuildFile; fileRef = A5DE32E4290462A7008844E1 /* Assets.xcassets */; };
		A5DE330F290462A8008844E1 /* Assets.xcassets in Resources */ = {isa = PBXBuildFile; fileRef = A5DE32E4290462A7008844E1 /* Assets.xcassets */; };
/* End PBXBuildFile section */

/* Begin PBXContainerItemProxy section */
		A5DE32F7290462A8008844E1 /* PBXContainerItemProxy */ = {
			isa = PBXContainerItemProxy;
			containerPortal = A5DE32DD290462A4008844E1 /* Project object */;
			proxyType = 1;
			remoteGlobalIDString = A5DE32E8290462A7008844E1;
			remoteInfo = "APIpractice (iOS)";
		};
		A5DE3303290462A8008844E1 /* PBXContainerItemProxy */ = {
			isa = PBXContainerItemProxy;
			containerPortal = A5DE32DD290462A4008844E1 /* Project object */;
			proxyType = 1;
			remoteGlobalIDString = A5DE32EE290462A8008844E1;
			remoteInfo = "APIpractice (macOS)";
		};
/* End PBXContainerItemProxy section */

/* Begin PBXFileReference section */
		A5DE32E2290462A5008844E1 /* APIpracticeApp.swift */ = {isa = PBXFileReference; lastKnownFileType = sourcecode.swift; path = APIpracticeApp.swift; sourceTree = "<group>"; };
		A5DE32E3290462A5008844E1 /* ContentView.swift */ = {isa = PBXFileReference; lastKnownFileType = sourcecode.swift; path = ContentView.swift; sourceTree = "<group>"; };
		A5DE32E4290462A7008844E1 /* Assets.xcassets */ = {isa = PBXFileReference; lastKnownFileType = folder.assetcatalog; path = Assets.xcassets; sourceTree = "<group>"; };
		A5DE32E9290462A7008844E1 /* APIpractice.app */ = {isa = PBXFileReference; explicitFileType = wrapper.application; includeInIndex = 0; path = APIpractice.app; sourceTree = BUILT_PRODUCTS_DIR; };
		A5DE32EF290462A8008844E1 /* APIpractice.app */ = {isa = PBXFileReference; explicitFileType = wrapper.application; includeInIndex = 0; path = APIpractice.app; sourceTree = BUILT_PRODUCTS_DIR; };
		A5DE32F1290462A8008844E1 /* macOS.entitlements */ = {isa = PBXFileReference; lastKnownFileType = text.plist.entitlements; path = macOS.entitlements; sourceTree = "<group>"; };
		A5DE32F6290462A8008844E1 /* Tests iOS.xctest */ = {isa = PBXFileReference; explicitFileType = wrapper.cfbundle; includeInIndex = 0; path = "Tests iOS.xctest"; sourceTree = BUILT_PRODUCTS_DIR; };
		A5DE32FA290462A8008844E1 /* Tests_iOS.swift */ = {isa = PBXFileReference; lastKnownFileType = sourcecode.swift; path = Tests_iOS.swift; sourceTree = "<group>"; };
		A5DE32FC290462A8008844E1 /* Tests_iOSLaunchTests.swift */ = {isa = PBXFileReference; lastKnownFileType = sourcecode.swift; path = Tests_iOSLaunchTests.swift; sourceTree = "<group>"; };
		A5DE3302290462A8008844E1 /* Tests macOS.xctest */ = {isa = PBXFileReference; explicitFileType = wrapper.cfbundle; includeInIndex = 0; path = "Tests macOS.xctest"; sourceTree = BUILT_PRODUCTS_DIR; };
		A5DE3306290462A8008844E1 /* Tests_macOS.swift */ = {isa = PBXFileReference; lastKnownFileType = sourcecode.swift; path = Tests_macOS.swift; sourceTree = "<group>"; };
		A5DE3308290462A8008844E1 /* Tests_macOSLaunchTests.swift */ = {isa = PBXFileReference; lastKnownFileType = sourcecode.swift; path = Tests_macOSLaunchTests.swift; sourceTree = "<group>"; };
/* End PBXFileReference section */

/* Begin PBXFrameworksBuildPhase section */
		A5DE32E6290462A7008844E1 /* Frameworks */ = {
			isa = PBXFrameworksBuildPhase;
			buildActionMask = 2147483647;
			files = (
			);
			runOnlyForDeploymentPostprocessing = 0;
		};
		A5DE32EC290462A8008844E1 /* Frameworks */ = {
			isa = PBXFrameworksBuildPhase;
			buildActionMask = 2147483647;
			files = (
			);
			runOnlyForDeploymentPostprocessing = 0;
		};
		A5DE32F3290462A8008844E1 /* Frameworks */ = {
			isa = PBXFrameworksBuildPhase;
			buildActionMask = 2147483647;
			files = (
			);
			runOnlyForDeploymentPostprocessing = 0;
		};
		A5DE32FF290462A8008844E1 /* Frameworks */ = {
			isa = PBXFrameworksBuildPhase;
			buildActionMask = 2147483647;
			files = (
			);
			runOnlyForDeploymentPostprocessing = 0;
		};
/* End PBXFrameworksBuildPhase section */

/* Begin PBXGroup section */
		A5DE32DC290462A4008844E1 = {
			isa = PBXGroup;
			children = (
				A5DE32E1290462A5008844E1 /* Shared */,
				A5DE32F0290462A8008844E1 /* macOS */,
				A5DE32F9290462A8008844E1 /* Tests iOS */,
				A5DE3305290462A8008844E1 /* Tests macOS */,
				A5DE32EA290462A7008844E1 /* Products */,
			);
			sourceTree = "<group>";
		};
		A5DE32E1290462A5008844E1 /* Shared */ = {
			isa = PBXGroup;
			children = (
				A5DE32E2290462A5008844E1 /* APIpracticeApp.swift */,
				A5DE32E3290462A5008844E1 /* ContentView.swift */,
				A5DE32E4290462A7008844E1 /* Assets.xcassets */,
			);
			path = Shared;
			sourceTree = "<group>";
		};
		A5DE32EA290462A7008844E1 /* Products */ = {
			isa = PBXGroup;
			children = (
				A5DE32E9290462A7008844E1 /* APIpractice.app */,
				A5DE32EF290462A8008844E1 /* APIpractice.app */,
				A5DE32F6290462A8008844E1 /* Tests iOS.xctest */,
				A5DE3302290462A8008844E1 /* Tests macOS.xctest */,
			);
			name = Products;
			sourceTree = "<group>";
		};
		A5DE32F0290462A8008844E1 /* macOS */ = {
			isa = PBXGroup;
			children = (
				A5DE32F1290462A8008844E1 /* macOS.entitlements */,
			);
			path = macOS;
			sourceTree = "<group>";
		};
		A5DE32F9290462A8008844E1 /* Tests iOS */ = {
			isa = PBXGroup;
			children = (
				A5DE32FA290462A8008844E1 /* Tests_iOS.swift */,
				A5DE32FC290462A8008844E1 /* Tests_iOSLaunchTests.swift */,
			);
			path = "Tests iOS";
			sourceTree = "<group>";
		};
		A5DE3305290462A8008844E1 /* Tests macOS */ = {
			isa = PBXGroup;
			children = (
				A5DE3306290462A8008844E1 /* Tests_macOS.swift */,
				A5DE3308290462A8008844E1 /* Tests_macOSLaunchTests.swift */,
			);
			path = "Tests macOS";
			sourceTree = "<group>";
		};
/* End PBXGroup section */

/* Begin PBXNativeTarget section */
		A5DE32E8290462A7008844E1 /* APIpractice (iOS) */ = {
			isa = PBXNativeTarget;
			buildConfigurationList = A5DE3312290462A8008844E1 /* Build configuration list for PBXNativeTarget "APIpractice (iOS)" */;
			buildPhases = (
				A5DE32E5290462A7008844E1 /* Sources */,
				A5DE32E6290462A7008844E1 /* Frameworks */,
				A5DE32E7290462A7008844E1 /* Resources */,
			);
			buildRules = (
			);
			dependencies = (
			);
			name = "APIpractice (iOS)";
			productName = "APIpractice (iOS)";
			productReference = A5DE32E9290462A7008844E1 /* APIpractice.app */;
			productType = "com.apple.product-type.application";
		};
		A5DE32EE290462A8008844E1 /* APIpractice (macOS) */ = {
			isa = PBXNativeTarget;
			buildConfigurationList = A5DE3315290462A8008844E1 /* Build configuration list for PBXNativeTarget "APIpractice (macOS)" */;
			buildPhases = (
				A5DE32EB290462A8008844E1 /* Sources */,
				A5DE32EC290462A8008844E1 /* Frameworks */,
				A5DE32ED290462A8008844E1 /* Resources */,
			);
			buildRules = (
			);
			dependencies = (
			);
			name = "APIpractice (macOS)";
			productName = "APIpractice (macOS)";
			productReference = A5DE32EF290462A8008844E1 /* APIpractice.app */;
			productType = "com.apple.product-type.application";
		};
		A5DE32F5290462A8008844E1 /* Tests iOS */ = {
			isa = PBXNativeTarget;
			buildConfigurationList = A5DE3318290462A8008844E1 /* Build configuration list for PBXNativeTarget "Tests iOS" */;
			buildPhases = (
				A5DE32F2290462A8008844E1 /* Sources */,
				A5DE32F3290462A8008844E1 /* Frameworks */,
				A5DE32F4290462A8008844E1 /* Resources */,
			);
			buildRules = (
			);
			dependencies = (
				A5DE32F8290462A8008844E1 /* PBXTargetDependency */,
			);
			name = "Tests iOS";
			productName = "Tests iOS";
			productReference = A5DE32F6290462A8008844E1 /* Tests iOS.xctest */;
			productType = "com.apple.product-type.bundle.ui-testing";
		};
		A5DE3301290462A8008844E1 /* Tests macOS */ = {
			isa = PBXNativeTarget;
			buildConfigurationList = A5DE331B290462A8008844E1 /* Build configuration list for PBXNativeTarget "Tests macOS" */;
			buildPhases = (
				A5DE32FE290462A8008844E1 /* Sources */,
				A5DE32FF290462A8008844E1 /* Frameworks */,
				A5DE3300290462A8008844E1 /* Resources */,
			);
			buildRules = (
			);
			dependencies = (
				A5DE3304290462A8008844E1 /* PBXTargetDependency */,
			);
			name = "Tests macOS";
			productName = "Tests macOS";
			productReference = A5DE3302290462A8008844E1 /* Tests macOS.xctest */;
			productType = "com.apple.product-type.bundle.ui-testing";
		};
/* End PBXNativeTarget section */

/* Begin PBXProject section */
		A5DE32DD290462A4008844E1 /* Project object */ = {
			isa = PBXProject;
			attributes = {
				BuildIndependentTargetsInParallel = 1;
				LastSwiftUpdateCheck = 1340;
				LastUpgradeCheck = 1340;
				TargetAttributes = {
					A5DE32E8290462A7008844E1 = {
						CreatedOnToolsVersion = 13.4.1;
					};
					A5DE32EE290462A8008844E1 = {
						CreatedOnToolsVersion = 13.4.1;
					};
					A5DE32F5290462A8008844E1 = {
						CreatedOnToolsVersion = 13.4.1;
						TestTargetID = A5DE32E8290462A7008844E1;
					};
					A5DE3301290462A8008844E1 = {
						CreatedOnToolsVersion = 13.4.1;
						TestTargetID = A5DE32EE290462A8008844E1;
					};
				};
			};
			buildConfigurationList = A5DE32E0290462A4008844E1 /* Build configuration list for PBXProject "APIpractice" */;
			compatibilityVersion = "Xcode 13.0";
			developmentRegion = en;
			hasScannedForEncodings = 0;
			knownRegions = (
				en,
				Base,
			);
			mainGroup = A5DE32DC290462A4008844E1;
			productRefGroup = A5DE32EA290462A7008844E1 /* Products */;
			projectDirPath = "";
			projectRoot = "";
			targets = (
				A5DE32E8290462A7008844E1 /* APIpractice (iOS) */,
				A5DE32EE290462A8008844E1 /* APIpractice (macOS) */,
				A5DE32F5290462A8008844E1 /* Tests iOS */,
				A5DE3301290462A8008844E1 /* Tests macOS */,
			);
		};
/* End PBXProject section */

/* Begin PBXResourcesBuildPhase section */
		A5DE32E7290462A7008844E1 /* Resources */ = {
			isa = PBXResourcesBuildPhase;
			buildActionMask = 2147483647;
			files = (
				A5DE330E290462A8008844E1 /* Assets.xcassets in Resources */,
			);
			runOnlyForDeploymentPostprocessing = 0;
		};
		A5DE32ED290462A8008844E1 /* Resources */ = {
			isa = PBXResourcesBuildPhase;
			buildActionMask = 2147483647;
			files = (
				A5DE330F290462A8008844E1 /* Assets.xcassets in Resources */,
			);
			runOnlyForDeploymentPostprocessing = 0;
		};
		A5DE32F4290462A8008844E1 /* Resources */ = {
			isa = PBXResourcesBuildPhase;
			buildActionMask = 2147483647;
			files = (
			);
			runOnlyForDeploymentPostprocessing = 0;
		};
		A5DE3300290462A8008844E1 /* Resources */ = {
			isa = PBXResourcesBuildPhase;
			buildActionMask = 2147483647;
			files = (
			);
			runOnlyForDeploymentPostprocessing = 0;
		};
/* End PBXResourcesBuildPhase section */

/* Begin PBXSourcesBuildPhase section */
		A5DE32E5290462A7008844E1 /* Sources */ = {
			isa = PBXSourcesBuildPhase;
			buildActionMask = 2147483647;
			files = (
				A5DE330C290462A8008844E1 /* ContentView.swift in Sources */,
				A5DE330A290462A8008844E1 /* APIpracticeApp.swift in Sources */,
			);
			runOnlyForDeploymentPostprocessing = 0;
		};
		A5DE32EB290462A8008844E1 /* Sources */ = {
			isa = PBXSourcesBuildPhase;
			buildActionMask = 2147483647;
			files = (
				A5DE330D290462A8008844E1 /* ContentView.swift in Sources */,
				A5DE330B290462A8008844E1 /* APIpracticeApp.swift in Sources */,
			);
			runOnlyForDeploymentPostprocessing = 0;
		};
		A5DE32F2290462A8008844E1 /* Sources */ = {
			isa = PBXSourcesBuildPhase;
			buildActionMask = 2147483647;
			files = (
				A5DE32FD290462A8008844E1 /* Tests_iOSLaunchTests.swift in Sources */,
				A5DE32FB290462A8008844E1 /* Tests_iOS.swift in Sources */,
			);
			runOnlyForDeploymentPostprocessing = 0;
		};
		A5DE32FE290462A8008844E1 /* Sources */ = {
			isa = PBXSourcesBuildPhase;
			buildActionMask = 2147483647;
			files = (
				A5DE3309290462A8008844E1 /* Tests_macOSLaunchTests.swift in Sources */,
				A5DE3307290462A8008844E1 /* Tests_macOS.swift in Sources */,
			);
			runOnlyForDeploymentPostprocessing = 0;
		};
/* End PBXSourcesBuildPhase section */

/* Begin PBXTargetDependency section */
		A5DE32F8290462A8008844E1 /* PBXTargetDependency */ = {
			isa = PBXTargetDependency;
			target = A5DE32E8290462A7008844E1 /* APIpractice (iOS) */;
			targetProxy = A5DE32F7290462A8008844E1 /* PBXContainerItemProxy */;
		};
		A5DE3304290462A8008844E1 /* PBXTargetDependency */ = {
			isa = PBXTargetDependency;
			target = A5DE32EE290462A8008844E1 /* APIpractice (macOS) */;
			targetProxy = A5DE3303290462A8008844E1 /* PBXContainerItemProxy */;
		};
/* End PBXTargetDependency section */

/* Begin XCBuildConfiguration section */
		A5DE3310290462A8008844E1 /* Debug */ = {
			isa = XCBuildConfiguration;
			buildSettings = {
				ALWAYS_SEARCH_USER_PATHS = NO;
				CLANG_ANALYZER_NONNULL = YES;
				CLANG_ANALYZER_NUMBER_OBJECT_CONVERSION = YES_AGGRESSIVE;
				CLANG_CXX_LANGUAGE_STANDARD = "gnu++17";
				CLANG_ENABLE_MODULES = YES;
				CLANG_ENABLE_OBJC_ARC = YES;
				CLANG_ENABLE_OBJC_WEAK = YES;
				CLANG_WARN_BLOCK_CAPTURE_AUTORELEASING = YES;
				CLANG_WARN_BOOL_CONVERSION = YES;
				CLANG_WARN_COMMA = YES;
				CLANG_WARN_CONSTANT_CONVERSION = YES;
				CLANG_WARN_DEPRECATED_OBJC_IMPLEMENTATIONS = YES;
				CLANG_WARN_DIRECT_OBJC_ISA_USAGE = YES_ERROR;
				CLANG_WARN_DOCUMENTATION_COMMENTS = YES;
				CLANG_WARN_EMPTY_BODY = YES;
				CLANG_WARN_ENUM_CONVERSION = YES;
				CLANG_WARN_INFINITE_RECURSION = YES;
				CLANG_WARN_INT_CONVERSION = YES;
				CLANG_WARN_NON_LITERAL_NULL_CONVERSION = YES;
				CLANG_WARN_OBJC_IMPLICIT_RETAIN_SELF = YES;
				CLANG_WARN_OBJC_LITERAL_CONVERSION = YES;
				CLANG_WARN_OBJC_ROOT_CLASS = YES_ERROR;
				CLANG_WARN_QUOTED_INCLUDE_IN_FRAMEWORK_HEADER = YES;
				CLANG_WARN_RANGE_LOOP_ANALYSIS = YES;
				CLANG_WARN_STRICT_PROTOTYPES = YES;
				CLANG_WARN_SUSPICIOUS_MOVE = YES;
				CLANG_WARN_UNGUARDED_AVAILABILITY = YES_AGGRESSIVE;
				CLANG_WARN_UNREACHABLE_CODE = YES;
				CLANG_WARN__DUPLICATE_METHOD_MATCH = YES;
				COPY_PHASE_STRIP = NO;
				DEBUG_INFORMATION_FORMAT = dwarf;
				ENABLE_STRICT_OBJC_MSGSEND = YES;
				ENABLE_TESTABILITY = YES;
				GCC_C_LANGUAGE_STANDARD = gnu11;
				GCC_DYNAMIC_NO_PIC = NO;
				GCC_NO_COMMON_BLOCKS = YES;
				GCC_OPTIMIZATION_LEVEL = 0;
				GCC_PREPROCESSOR_DEFINITIONS = (
					"DEBUG=1",
					"$(inherited)",
				);
				GCC_WARN_64_TO_32_BIT_CONVERSION = YES;
				GCC_WARN_ABOUT_RETURN_TYPE = YES_ERROR;
				GCC_WARN_UNDECLARED_SELECTOR = YES;
				GCC_WARN_UNINITIALIZED_AUTOS = YES_AGGRESSIVE;
				GCC_WARN_UNUSED_FUNCTION = YES;
				GCC_WARN_UNUSED_VARIABLE = YES;
				MTL_ENABLE_DEBUG_INFO = INCLUDE_SOURCE;
				MTL_FAST_MATH = YES;
				ONLY_ACTIVE_ARCH = YES;
				SWIFT_ACTIVE_COMPILATION_CONDITIONS = DEBUG;
				SWIFT_OPTIMIZATION_LEVEL = "-Onone";
			};
			name = Debug;
		};
		A5DE3311290462A8008844E1 /* Release */ = {
			isa = XCBuildConfiguration;
			buildSettings = {
				ALWAYS_SEARCH_USER_PATHS = NO;
				CLANG_ANALYZER_NONNULL = YES;
				CLANG_ANALYZER_NUMBER_OBJECT_CONVERSION = YES_AGGRESSIVE;
				CLANG_CXX_LANGUAGE_STANDARD = "gnu++17";
				CLANG_ENABLE_MODULES = YES;
				CLANG_ENABLE_OBJC_ARC = YES;
				CLANG_ENABLE_OBJC_WEAK = YES;
				CLANG_WARN_BLOCK_CAPTURE_AUTORELEASING = YES;
				CLANG_WARN_BOOL_CONVERSION = YES;
				CLANG_WARN_COMMA = YES;
				CLANG_WARN_CONSTANT_CONVERSION = YES;
				CLANG_WARN_DEPRECATED_OBJC_IMPLEMENTATIONS = YES;
				CLANG_WARN_DIRECT_OBJC_ISA_USAGE = YES_ERROR;
				CLANG_WARN_DOCUMENTATION_COMMENTS = YES;
				CLANG_WARN_EMPTY_BODY = YES;
				CLANG_WARN_ENUM_CONVERSION = YES;
				CLANG_WARN_INFINITE_RECURSION = YES;
				CLANG_WARN_INT_CONVERSION = YES;
				CLANG_WARN_NON_LITERAL_NULL_CONVERSION = YES;
				CLANG_WARN_OBJC_IMPLICIT_RETAIN_SELF = YES;
				CLANG_WARN_OBJC_LITERAL_CONVERSION = YES;
				CLANG_WARN_OBJC_ROOT_CLASS = YES_ERROR;
				CLANG_WARN_QUOTED_INCLUDE_IN_FRAMEWORK_HEADER = YES;
				CLANG_WARN_RANGE_LOOP_ANALYSIS = YES;
				CLANG_WARN_STRICT_PROTOTYPES = YES;
				CLANG_WARN_SUSPICIOUS_MOVE = YES;
				CLANG_WARN_UNGUARDED_AVAILABILITY = YES_AGGRESSIVE;
				CLANG_WARN_UNREACHABLE_CODE = YES;
				CLANG_WARN__DUPLICATE_METHOD_MATCH = YES;
				COPY_PHASE_STRIP = NO;
				DEBUG_INFORMATION_FORMAT = "dwarf-with-dsym";
				ENABLE_NS_ASSERTIONS = NO;
				ENABLE_STRICT_OBJC_MSGSEND = YES;
				GCC_C_LANGUAGE_STANDARD = gnu11;
				GCC_NO_COMMON_BLOCKS = YES;
				GCC_WARN_64_TO_32_BIT_CONVERSION = YES;
				GCC_WARN_ABOUT_RETURN_TYPE = YES_ERROR;
				GCC_WARN_UNDECLARED_SELECTOR = YES;
				GCC_WARN_UNINITIALIZED_AUTOS = YES_AGGRESSIVE;
				GCC_WARN_UNUSED_FUNCTION = YES;
				GCC_WARN_UNUSED_VARIABLE = YES;
				MTL_ENABLE_DEBUG_INFO = NO;
				MTL_FAST_MATH = YES;
				SWIFT_COMPILATION_MODE = wholemodule;
				SWIFT_OPTIMIZATION_LEVEL = "-O";
			};
			name = Release;
		};
		A5DE3313290462A8008844E1 /* Debug */ = {
			isa = XCBuildConfiguration;
			buildSettings = {
				ASSETCATALOG_COMPILER_APPICON_NAME = AppIcon;
				ASSETCATALOG_COMPILER_GLOBAL_ACCENT_COLOR_NAME = AccentColor;
				CODE_SIGN_STYLE = Automatic;
				CURRENT_PROJECT_VERSION = 1;
				ENABLE_PREVIEWS = YES;
				GENERATE_INFOPLIST_FILE = YES;
				INFOPLIST_KEY_UIApplicationSceneManifest_Generation = YES;
				INFOPLIST_KEY_UIApplicationSupportsIndirectInputEvents = YES;
				INFOPLIST_KEY_UILaunchScreen_Generation = YES;
				INFOPLIST_KEY_UISupportedInterfaceOrientations_iPad = "UIInterfaceOrientationPortrait UIInterfaceOrientationPortraitUpsideDown UIInterfaceOrientationLandscapeLeft UIInterfaceOrientationLandscapeRight";
				INFOPLIST_KEY_UISupportedInterfaceOrientations_iPhone = "UIInterfaceOrientationPortrait UIInterfaceOrientationLandscapeLeft UIInterfaceOrientationLandscapeRight";
				IPHONEOS_DEPLOYMENT_TARGET = 15.5;
				LD_RUNPATH_SEARCH_PATHS = (
					"$(inherited)",
					"@executable_path/Frameworks",
				);
				MARKETING_VERSION = 1.0;
				PRODUCT_BUNDLE_IDENTIFIER = apiPractice.APIpractice;
				PRODUCT_NAME = APIpractice;
				SDKROOT = iphoneos;
				SWIFT_EMIT_LOC_STRINGS = YES;
				SWIFT_VERSION = 5.0;
				TARGETED_DEVICE_FAMILY = "1,2";
			};
			name = Debug;
		};
		A5DE3314290462A8008844E1 /* Release */ = {
			isa = XCBuildConfiguration;
			buildSettings = {
				ASSETCATALOG_COMPILER_APPICON_NAME = AppIcon;
				ASSETCATALOG_COMPILER_GLOBAL_ACCENT_COLOR_NAME = AccentColor;
				CODE_SIGN_STYLE = Automatic;
				CURRENT_PROJECT_VERSION = 1;
				ENABLE_PREVIEWS = YES;
				GENERATE_INFOPLIST_FILE = YES;
				INFOPLIST_KEY_UIApplicationSceneManifest_Generation = YES;
				INFOPLIST_KEY_UIApplicationSupportsIndirectInputEvents = YES;
				INFOPLIST_KEY_UILaunchScreen_Generation = YES;
				INFOPLIST_KEY_UISupportedInterfaceOrientations_iPad = "UIInterfaceOrientationPortrait UIInterfaceOrientationPortraitUpsideDown UIInterfaceOrientationLandscapeLeft UIInterfaceOrientationLandscapeRight";
				INFOPLIST_KEY_UISupportedInterfaceOrientations_iPhone = "UIInterfaceOrientationPortrait UIInterfaceOrientationLandscapeLeft UIInterfaceOrientationLandscapeRight";
				IPHONEOS_DEPLOYMENT_TARGET = 15.5;
				LD_RUNPATH_SEARCH_PATHS = (
					"$(inherited)",
					"@executable_path/Frameworks",
				);
				MARKETING_VERSION = 1.0;
				PRODUCT_BUNDLE_IDENTIFIER = apiPractice.APIpractice;
				PRODUCT_NAME = APIpractice;
				SDKROOT = iphoneos;
				SWIFT_EMIT_LOC_STRINGS = YES;
				SWIFT_VERSION = 5.0;
				TARGETED_DEVICE_FAMILY = "1,2";
				VALIDATE_PRODUCT = YES;
			};
			name = Release;
		};
		A5DE3316290462A8008844E1 /* Debug */ = {
			isa = XCBuildConfiguration;
			buildSettings = {
				ASSETCATALOG_COMPILER_APPICON_NAME = AppIcon;
				ASSETCATALOG_COMPILER_GLOBAL_ACCENT_COLOR_NAME = AccentColor;
				CODE_SIGN_ENTITLEMENTS = macOS/macOS.entitlements;
				CODE_SIGN_STYLE = Automatic;
				COMBINE_HIDPI_IMAGES = YES;
				CURRENT_PROJECT_VERSION = 1;
				ENABLE_PREVIEWS = YES;
				GENERATE_INFOPLIST_FILE = YES;
				INFOPLIST_KEY_NSHumanReadableCopyright = "";
				LD_RUNPATH_SEARCH_PATHS = (
					"$(inherited)",
					"@executable_path/../Frameworks",
				);
				MACOSX_DEPLOYMENT_TARGET = 12.3;
				MARKETING_VERSION = 1.0;
				PRODUCT_BUNDLE_IDENTIFIER = apiPractice.APIpractice;
				PRODUCT_NAME = APIpractice;
				SDKROOT = macosx;
				SWIFT_EMIT_LOC_STRINGS = YES;
				SWIFT_VERSION = 5.0;
			};
			name = Debug;
		};
		A5DE3317290462A8008844E1 /* Release */ = {
			isa = XCBuildConfiguration;
			buildSettings = {
				ASSETCATALOG_COMPILER_APPICON_NAME = AppIcon;
				ASSETCATALOG_COMPILER_GLOBAL_ACCENT_COLOR_NAME = AccentColor;
				CODE_SIGN_ENTITLEMENTS = macOS/macOS.entitlements;
				CODE_SIGN_STYLE = Automatic;
				COMBINE_HIDPI_IMAGES = YES;
				CURRENT_PROJECT_VERSION = 1;
				ENABLE_PREVIEWS = YES;
				GENERATE_INFOPLIST_FILE = YES;
				INFOPLIST_KEY_NSHumanReadableCopyright = "";
				LD_RUNPATH_SEARCH_PATHS = (
					"$(inherited)",
					"@executable_path/../Frameworks",
				);
				MACOSX_DEPLOYMENT_TARGET = 12.3;
				MARKETING_VERSION = 1.0;
				PRODUCT_BUNDLE_IDENTIFIER = apiPractice.APIpractice;
				PRODUCT_NAME = APIpractice;
				SDKROOT = macosx;
				SWIFT_EMIT_LOC_STRINGS = YES;
				SWIFT_VERSION = 5.0;
			};
			name = Release;
		};
		A5DE3319290462A8008844E1 /* Debug */ = {
			isa = XCBuildConfiguration;
			buildSettings = {
				ALWAYS_EMBED_SWIFT_STANDARD_LIBRARIES = YES;
				CODE_SIGN_STYLE = Automatic;
				CURRENT_PROJECT_VERSION = 1;
				GENERATE_INFOPLIST_FILE = YES;
				IPHONEOS_DEPLOYMENT_TARGET = 15.5;
				MARKETING_VERSION = 1.0;
				PRODUCT_BUNDLE_IDENTIFIER = "apiPractice.Tests-iOS";
				PRODUCT_NAME = "$(TARGET_NAME)";
				SDKROOT = iphoneos;
				SWIFT_EMIT_LOC_STRINGS = NO;
				SWIFT_VERSION = 5.0;
				TARGETED_DEVICE_FAMILY = "1,2";
				TEST_TARGET_NAME = "APIpractice (iOS)";
			};
			name = Debug;
		};
		A5DE331A290462A8008844E1 /* Release */ = {
			isa = XCBuildConfiguration;
			buildSettings = {
				ALWAYS_EMBED_SWIFT_STANDARD_LIBRARIES = YES;
				CODE_SIGN_STYLE = Automatic;
				CURRENT_PROJECT_VERSION = 1;
				GENERATE_INFOPLIST_FILE = YES;
				IPHONEOS_DEPLOYMENT_TARGET = 15.5;
				MARKETING_VERSION = 1.0;
				PRODUCT_BUNDLE_IDENTIFIER = "apiPractice.Tests-iOS";
				PRODUCT_NAME = "$(TARGET_NAME)";
				SDKROOT = iphoneos;
				SWIFT_EMIT_LOC_STRINGS = NO;
				SWIFT_VERSION = 5.0;
				TARGETED_DEVICE_FAMILY = "1,2";
				TEST_TARGET_NAME = "APIpractice (iOS)";
				VALIDATE_PRODUCT = YES;
			};
			name = Release;
		};
		A5DE331C290462A8008844E1 /* Debug */ = {
			isa = XCBuildConfiguration;
			buildSettings = {
				ALWAYS_EMBED_SWIFT_STANDARD_LIBRARIES = YES;
				CODE_SIGN_STYLE = Automatic;
				CURRENT_PROJECT_VERSION = 1;
				GENERATE_INFOPLIST_FILE = YES;
				MACOSX_DEPLOYMENT_TARGET = 12.3;
				MARKETING_VERSION = 1.0;
				PRODUCT_BUNDLE_IDENTIFIER = "apiPractice.Tests-macOS";
				PRODUCT_NAME = "$(TARGET_NAME)";
				SDKROOT = macosx;
				SWIFT_EMIT_LOC_STRINGS = NO;
				SWIFT_VERSION = 5.0;
				TEST_TARGET_NAME = "APIpractice (macOS)";
			};
			name = Debug;
		};
		A5DE331D290462A8008844E1 /* Release */ = {
			isa = XCBuildConfiguration;
			buildSettings = {
				ALWAYS_EMBED_SWIFT_STANDARD_LIBRARIES = YES;
				CODE_SIGN_STYLE = Automatic;
				CURRENT_PROJECT_VERSION = 1;
				GENERATE_INFOPLIST_FILE = YES;
				MACOSX_DEPLOYMENT_TARGET = 12.3;
				MARKETING_VERSION = 1.0;
				PRODUCT_BUNDLE_IDENTIFIER = "apiPractice.Tests-macOS";
				PRODUCT_NAME = "$(TARGET_NAME)";
				SDKROOT = macosx;
				SWIFT_EMIT_LOC_STRINGS = NO;
				SWIFT_VERSION = 5.0;
				TEST_TARGET_NAME = "APIpractice (macOS)";
			};
			name = Release;
		};
/* End XCBuildConfiguration section */

/* Begin XCConfigurationList section */
		A5DE32E0290462A4008844E1 /* Build configuration list for PBXProject "APIpractice" */ = {
			isa = XCConfigurationList;
			buildConfigurations = (
				A5DE3310290462A8008844E1 /* Debug */,
				A5DE3311290462A8008844E1 /* Release */,
			);
			defaultConfigurationIsVisible = 0;
			defaultConfigurationName = Release;
		};
		A5DE3312290462A8008844E1 /* Build configuration list for PBXNativeTarget "APIpractice (iOS)" */ = {
			isa = XCConfigurationList;
			buildConfigurations = (
				A5DE3313290462A8008844E1 /* Debug */,
				A5DE3314290462A8008844E1 /* Release */,
			);
			defaultConfigurationIsVisible = 0;
			defaultConfigurationName = Release;
		};
		A5DE3315290462A8008844E1 /* Build configuration list for PBXNativeTarget "APIpractice (macOS)" */ = {
			isa = XCConfigurationList;
			buildConfigurations = (
				A5DE3316290462A8008844E1 /* Debug */,
				A5DE3317290462A8008844E1 /* Release */,
			);
			defaultConfigurationIsVisible = 0;
			defaultConfigurationName = Release;
		};
		A5DE3318290462A8008844E1 /* Build configuration list for PBXNativeTarget "Tests iOS" */ = {
			isa = XCConfigurationList;
			buildConfigurations = (
				A5DE3319290462A8008844E1 /* Debug */,
				A5DE331A290462A8008844E1 /* Release */,
			);
			defaultConfigurationIsVisible = 0;
			defaultConfigurationName = Release;
		};
		A5DE331B290462A8008844E1 /* Build configuration list for PBXNativeTarget "Tests macOS" */ = {
			isa = XCConfigurationList;
			buildConfigurations = (
				A5DE331C290462A8008844E1 /* Debug */,
				A5DE331D290462A8008844E1 /* Release */,
			);
			defaultConfigurationIsVisible = 0;
			defaultConfigurationName = Release;
		};
/* End XCConfigurationList section */
	};
	rootObject = A5DE32DD290462A4008844E1 /* Project object */;
}
